
Microsoft Visual Studio Solution File, Format Version 12.00
# Visual Studio Version 17
VisualStudioVersion = 17.14.36429.23
MinimumVisualStudioVersion = 10.0.40219.1
Project("{FAE04EC0-301F-11D3-BF4B-00C04F79EFBC}") = "AttrectoTest.ApiService", "AttrectoTest.ApiService\AttrectoTest.ApiService.csproj", "{A917AAC7-81D3-0EBB-6D00-E8791E47ECE9}"
EndProject
Project("{FAE04EC0-301F-11D3-BF4B-00C04F79EFBC}") = "AttrectoTest.Tests", "AttrectoTest.Tests\AttrectoTest.Tests.csproj", "{D3D049AD-AAF0-7930-2024-4C9AB0D79FBA}"
EndProject
Project("{FAE04EC0-301F-11D3-BF4B-00C04F79EFBC}") = "AttrectoTest.Persistence", "AttrectoTest.Persistence\AttrectoTest.Persistence.csproj", "{3CD49EF8-F43A-4254-A0D6-71FE04D9404A}"
EndProject
Project("{2150E333-8FDC-42A3-9474-1A3956D46DE8}") = "Infrastructure", "Infrastructure", "{02EA681E-C7D8-13C7-8484-4AC65E1B71E8}"
EndProject
Project("{2150E333-8FDC-42A3-9474-1A3956D46DE8}") = "Core", "Core", "{C2F7B46D-8B16-462B-95AE-94429A557B00}"
EndProject
Project("{FAE04EC0-301F-11D3-BF4B-00C04F79EFBC}") = "AttrectoTest.Domain", "AttrectoTest.Domain\AttrectoTest.Domain.csproj", "{86DD8C8E-3A11-44E3-B251-1AC3C7A958CB}"
EndProject
Project("{FAE04EC0-301F-11D3-BF4B-00C04F79EFBC}") = "AttrectoTest.Application", "AttrectoTest.Application\AttrectoTest.Application.csproj", "{11263E33-E7A3-4DDC-B9F0-FEB8C618290A}"
EndProject
Project("{FAE04EC0-301F-11D3-BF4B-00C04F79EFBC}") = "AttrectoTest.Infrastructure", "AttrectoTest.Infrastructure\AttrectoTest.Infrastructure.csproj", "{90E3D323-E2C1-4267-AACD-AF098273866B}"
EndProject
Project("{FAE04EC0-301F-11D3-BF4B-00C04F79EFBC}") = "AttrectoTest.ServiceDefaults", "AttrectoTest.ServiceDefaults\AttrectoTest.ServiceDefaults.csproj", "{6719A7B2-BFC9-D14A-B8A3-F908D342F658}"
EndProject
Global
	GlobalSection(SolutionConfigurationPlatforms) = preSolution
		Debug|Any CPU = Debug|Any CPU
		Release|Any CPU = Release|Any CPU
	EndGlobalSection
	GlobalSection(ProjectConfigurationPlatforms) = postSolution
		{A917AAC7-81D3-0EBB-6D00-E8791E47ECE9}.Debug|Any CPU.ActiveCfg = Debug|Any CPU
		{A917AAC7-81D3-0EBB-6D00-E8791E47ECE9}.Debug|Any CPU.Build.0 = Debug|Any CPU
		{A917AAC7-81D3-0EBB-6D00-E8791E47ECE9}.Release|Any CPU.ActiveCfg = Release|Any CPU
		{A917AAC7-81D3-0EBB-6D00-E8791E47ECE9}.Release|Any CPU.Build.0 = Release|Any CPU
		{D3D049AD-AAF0-7930-2024-4C9AB0D79FBA}.Debug|Any CPU.ActiveCfg = Debug|Any CPU
		{D3D049AD-AAF0-7930-2024-4C9AB0D79FBA}.Debug|Any CPU.Build.0 = Debug|Any CPU
		{D3D049AD-AAF0-7930-2024-4C9AB0D79FBA}.Release|Any CPU.ActiveCfg = Release|Any CPU
		{D3D049AD-AAF0-7930-2024-4C9AB0D79FBA}.Release|Any CPU.Build.0 = Release|Any CPU
		{3CD49EF8-F43A-4254-A0D6-71FE04D9404A}.Debug|Any CPU.ActiveCfg = Debug|Any CPU
		{3CD49EF8-F43A-4254-A0D6-71FE04D9404A}.Debug|Any CPU.Build.0 = Debug|Any CPU
		{3CD49EF8-F43A-4254-A0D6-71FE04D9404A}.Release|Any CPU.ActiveCfg = Release|Any CPU
		{3CD49EF8-F43A-4254-A0D6-71FE04D9404A}.Release|Any CPU.Build.0 = Release|Any CPU
		{86DD8C8E-3A11-44E3-B251-1AC3C7A958CB}.Debug|Any CPU.ActiveCfg = Debug|Any CPU
		{86DD8C8E-3A11-44E3-B251-1AC3C7A958CB}.Debug|Any CPU.Build.0 = Debug|Any CPU
		{86DD8C8E-3A11-44E3-B251-1AC3C7A958CB}.Release|Any CPU.ActiveCfg = Release|Any CPU
		{86DD8C8E-3A11-44E3-B251-1AC3C7A958CB}.Release|Any CPU.Build.0 = Release|Any CPU
		{11263E33-E7A3-4DDC-B9F0-FEB8C618290A}.Debug|Any CPU.ActiveCfg = Debug|Any CPU
		{11263E33-E7A3-4DDC-B9F0-FEB8C618290A}.Debug|Any CPU.Build.0 = Debug|Any CPU
		{11263E33-E7A3-4DDC-B9F0-FEB8C618290A}.Release|Any CPU.ActiveCfg = Release|Any CPU
		{11263E33-E7A3-4DDC-B9F0-FEB8C618290A}.Release|Any CPU.Build.0 = Release|Any CPU
		{90E3D323-E2C1-4267-AACD-AF098273866B}.Debug|Any CPU.ActiveCfg = Debug|Any CPU
		{90E3D323-E2C1-4267-AACD-AF098273866B}.Debug|Any CPU.Build.0 = Debug|Any CPU
		{90E3D323-E2C1-4267-AACD-AF098273866B}.Release|Any CPU.ActiveCfg = Release|Any CPU
		{90E3D323-E2C1-4267-AACD-AF098273866B}.Release|Any CPU.Build.0 = Release|Any CPU
		{6719A7B2-BFC9-D14A-B8A3-F908D342F658}.Debug|Any CPU.ActiveCfg = Debug|Any CPU
		{6719A7B2-BFC9-D14A-B8A3-F908D342F658}.Debug|Any CPU.Build.0 = Debug|Any CPU
		{6719A7B2-BFC9-D14A-B8A3-F908D342F658}.Release|Any CPU.ActiveCfg = Release|Any CPU
		{6719A7B2-BFC9-D14A-B8A3-F908D342F658}.Release|Any CPU.Build.0 = Release|Any CPU
	EndGlobalSection
	GlobalSection(SolutionProperties) = preSolution
		HideSolutionNode = FALSE
	EndGlobalSection
	GlobalSection(NestedProjects) = preSolution
		{3CD49EF8-F43A-4254-A0D6-71FE04D9404A} = {02EA681E-C7D8-13C7-8484-4AC65E1B71E8}
		{86DD8C8E-3A11-44E3-B251-1AC3C7A958CB} = {C2F7B46D-8B16-462B-95AE-94429A557B00}
		{11263E33-E7A3-4DDC-B9F0-FEB8C618290A} = {C2F7B46D-8B16-462B-95AE-94429A557B00}
		{90E3D323-E2C1-4267-AACD-AF098273866B} = {02EA681E-C7D8-13C7-8484-4AC65E1B71E8}
	EndGlobalSection
	GlobalSection(ExtensibilityGlobals) = postSolution
		SolutionGuid = {30DE79BA-1F7C-4107-94B2-97AD824E1693}
	EndGlobalSection
EndGlobal
