
Microsoft Visual Studio Solution File, Format Version 12.00
# Visual Studio Version 17
VisualStudioVersion = 17.14.36429.23
MinimumVisualStudioVersion = 10.0.40219.1
Project("{FAE04EC0-301F-11D3-BF4B-00C04F79EFBC}") = "AttrectoTest.Persistence", "AttrectoTest.Persistence\AttrectoTest.Persistence.csproj", "{3CD49EF8-F43A-4254-A0D6-71FE04D9404A}"
EndProject
Project("{2150E333-8FDC-42A3-9474-1A3956D46DE8}") = "Infrastructure", "Infrastructure", "{02EA681E-C7D8-13C7-8484-4AC65E1B71E8}"
EndProject
Project("{2150E333-8FDC-42A3-9474-1A3956D46DE8}") = "Core", "Core", "{C2F7B46D-8B16-462B-95AE-94429A557B00}"
EndProject
Project("{FAE04EC0-301F-11D3-BF4B-00C04F79EFBC}") = "AttrectoTest.Domain", "AttrectoTest.Domain\AttrectoTest.Domain.csproj", "{86DD8C8E-3A11-44E3-B251-1AC3C7A958CB}"
EndProject
Project("{FAE04EC0-301F-11D3-BF4B-00C04F79EFBC}") = "AttrectoTest.Application", "AttrectoTest.Application\AttrectoTest.Application.csproj", "{11263E33-E7A3-4DDC-B9F0-FEB8C618290A}"
EndProject
Project("{FAE04EC0-301F-11D3-BF4B-00C04F79EFBC}") = "AttrectoTest.Infrastructure", "AttrectoTest.Infrastructure\AttrectoTest.Infrastructure.csproj", "{90E3D323-E2C1-4267-AACD-AF098273866B}"
EndProject
Project("{2150E333-8FDC-42A3-9474-1A3956D46DE8}") = "Test", "Test", "{B37AF3FC-B9D6-4DE8-B162-C1C866CAA53A}"
EndProject
Project("{FAE04EC0-301F-11D3-BF4B-00C04F79EFBC}") = "AttrectoTest.Application.Tests", "AttrectoTest.Application.Tests\AttrectoTest.Application.Tests.csproj", "{7166F3B4-5F78-EB57-E0FE-EE8417ACC8EE}"
EndProject
Project("{FAE04EC0-301F-11D3-BF4B-00C04F79EFBC}") = "AttrectoTest.IntegrationTests", "AttrectoTest.IntegrationTests\AttrectoTest.IntegrationTests.csproj", "{8AC5E155-B3E0-4100-9F29-3DDCA665703B}"
EndProject
Project("{2150E333-8FDC-42A3-9474-1A3956D46DE8}") = "UI", "UI", "{9C28790E-B097-4CE6-9810-4041E3D9C35F}"
EndProject
Project("{FAE04EC0-301F-11D3-BF4B-00C04F79EFBC}") = "AttrectoTest.Blazor.Common", "AttrectoTest.Blazor.Shared\AttrectoTest.Blazor.Common.csproj", "{C7D0BFE5-0FCE-EBB9-5A5D-AF7E73204AD8}"
EndProject
Project("{FAE04EC0-301F-11D3-BF4B-00C04F79EFBC}") = "AttrectoTest.Common.Grpc", "AttrectoTest.Common.Grpc\AttrectoTest.Common.Grpc.csproj", "{638F2333-C9A5-9DE3-1F75-4B9304AEF89C}"
EndProject
Project("{2150E333-8FDC-42A3-9474-1A3956D46DE8}") = "Solution Items", "Solution Items", "{8EC462FD-D22E-90A8-E5CE-7E832BA40C5D}"
	ProjectSection(SolutionItems) = preProject
		.editorconfig = .editorconfig
		Directory.Build.props = Directory.Build.props
		Directory.Packages.props = Directory.Packages.props
	EndProjectSection
EndProject
Project("{2150E333-8FDC-42A3-9474-1A3956D46DE8}") = "Iam", "Iam", "{9629E327-2A03-412F-A35A-634BD997851E}"
EndProject
Project("{FAE04EC0-301F-11D3-BF4B-00C04F79EFBC}") = "AttrectoTest.Iam.Domain", "AttrectoTest.Iam.Domain\AttrectoTest.Iam.Domain.csproj", "{A2E1DD0C-7D00-D719-CA6C-0C393879EB63}"
EndProject
Project("{FAE04EC0-301F-11D3-BF4B-00C04F79EFBC}") = "AttrectoTest.Iam.Application", "AttrectoTest.Iam.Application\AttrectoTest.Iam.Application.csproj", "{515A8299-D502-B59D-11CC-5809B2D9B3E9}"
EndProject
Project("{FAE04EC0-301F-11D3-BF4B-00C04F79EFBC}") = "AttrectoTest.Iam.Persistence", "AttrectoTest.Iam.Persistence\AttrectoTest.Iam.Persistence.csproj", "{5DD603FD-28F0-F32B-55F3-80C4FF32973E}"
EndProject
Project("{FAE04EC0-301F-11D3-BF4B-00C04F79EFBC}") = "AttrectoTest.Iam.Infrastructure", "AttrectoTest.Iam.Infrastructure\AttrectoTest.Iam.Infrastructure.csproj", "{D7C0E087-6315-2744-76A2-949D7A9445CC}"
EndProject
Project("{FAE04EC0-301F-11D3-BF4B-00C04F79EFBC}") = "AttrectoTest.IamService", "AttrectoTest.IamService\AttrectoTest.IamService.csproj", "{7B81877B-9E38-BE5C-BC22-3E3ECB14018F}"
EndProject
Project("{FAE04EC0-301F-11D3-BF4B-00C04F79EFBC}") = "AttrectoTest.BlazorWeb", "AttrectoTest.BlazorWeb\AttrectoTest.BlazorWeb\AttrectoTest.BlazorWeb.csproj", "{2A91C6AF-367B-4F1A-9E84-A305E04A16A7}"
EndProject
Project("{FAE04EC0-301F-11D3-BF4B-00C04F79EFBC}") = "AttrectoTest.BlazorWeb.Client", "AttrectoTest.BlazorWeb\AttrectoTest.BlazorWeb.Client\AttrectoTest.BlazorWeb.Client.csproj", "{36C61762-88AB-457A-9F4E-03F6241DA071}"
EndProject
Global
	GlobalSection(SolutionConfigurationPlatforms) = preSolution
		Debug|Any CPU = Debug|Any CPU
		Release|Any CPU = Release|Any CPU
	EndGlobalSection
	GlobalSection(ProjectConfigurationPlatforms) = postSolution
		{3CD49EF8-F43A-4254-A0D6-71FE04D9404A}.Debug|Any CPU.ActiveCfg = Debug|Any CPU
		{3CD49EF8-F43A-4254-A0D6-71FE04D9404A}.Debug|Any CPU.Build.0 = Debug|Any CPU
		{3CD49EF8-F43A-4254-A0D6-71FE04D9404A}.Release|Any CPU.ActiveCfg = Release|Any CPU
		{3CD49EF8-F43A-4254-A0D6-71FE04D9404A}.Release|Any CPU.Build.0 = Release|Any CPU
		{86DD8C8E-3A11-44E3-B251-1AC3C7A958CB}.Debug|Any CPU.ActiveCfg = Debug|Any CPU
		{86DD8C8E-3A11-44E3-B251-1AC3C7A958CB}.Debug|Any CPU.Build.0 = Debug|Any CPU
		{86DD8C8E-3A11-44E3-B251-1AC3C7A958CB}.Release|Any CPU.ActiveCfg = Release|Any CPU
		{86DD8C8E-3A11-44E3-B251-1AC3C7A958CB}.Release|Any CPU.Build.0 = Release|Any CPU
		{11263E33-E7A3-4DDC-B9F0-FEB8C618290A}.Debug|Any CPU.ActiveCfg = Debug|Any CPU
		{11263E33-E7A3-4DDC-B9F0-FEB8C618290A}.Debug|Any CPU.Build.0 = Debug|Any CPU
		{11263E33-E7A3-4DDC-B9F0-FEB8C618290A}.Release|Any CPU.ActiveCfg = Release|Any CPU
		{11263E33-E7A3-4DDC-B9F0-FEB8C618290A}.Release|Any CPU.Build.0 = Release|Any CPU
		{90E3D323-E2C1-4267-AACD-AF098273866B}.Debug|Any CPU.ActiveCfg = Debug|Any CPU
		{90E3D323-E2C1-4267-AACD-AF098273866B}.Debug|Any CPU.Build.0 = Debug|Any CPU
		{90E3D323-E2C1-4267-AACD-AF098273866B}.Release|Any CPU.ActiveCfg = Release|Any CPU
		{90E3D323-E2C1-4267-AACD-AF098273866B}.Release|Any CPU.Build.0 = Release|Any CPU
		{7166F3B4-5F78-EB57-E0FE-EE8417ACC8EE}.Debug|Any CPU.ActiveCfg = Debug|Any CPU
		{7166F3B4-5F78-EB57-E0FE-EE8417ACC8EE}.Debug|Any CPU.Build.0 = Debug|Any CPU
		{7166F3B4-5F78-EB57-E0FE-EE8417ACC8EE}.Release|Any CPU.ActiveCfg = Release|Any CPU
		{7166F3B4-5F78-EB57-E0FE-EE8417ACC8EE}.Release|Any CPU.Build.0 = Release|Any CPU
		{8AC5E155-B3E0-4100-9F29-3DDCA665703B}.Debug|Any CPU.ActiveCfg = Debug|Any CPU
		{8AC5E155-B3E0-4100-9F29-3DDCA665703B}.Debug|Any CPU.Build.0 = Debug|Any CPU
		{8AC5E155-B3E0-4100-9F29-3DDCA665703B}.Release|Any CPU.ActiveCfg = Release|Any CPU
		{8AC5E155-B3E0-4100-9F29-3DDCA665703B}.Release|Any CPU.Build.0 = Release|Any CPU
		{C7D0BFE5-0FCE-EBB9-5A5D-AF7E73204AD8}.Debug|Any CPU.ActiveCfg = Debug|Any CPU
		{C7D0BFE5-0FCE-EBB9-5A5D-AF7E73204AD8}.Debug|Any CPU.Build.0 = Debug|Any CPU
		{C7D0BFE5-0FCE-EBB9-5A5D-AF7E73204AD8}.Release|Any CPU.ActiveCfg = Release|Any CPU
		{C7D0BFE5-0FCE-EBB9-5A5D-AF7E73204AD8}.Release|Any CPU.Build.0 = Release|Any CPU
		{638F2333-C9A5-9DE3-1F75-4B9304AEF89C}.Debug|Any CPU.ActiveCfg = Debug|Any CPU
		{638F2333-C9A5-9DE3-1F75-4B9304AEF89C}.Debug|Any CPU.Build.0 = Debug|Any CPU
		{638F2333-C9A5-9DE3-1F75-4B9304AEF89C}.Release|Any CPU.ActiveCfg = Release|Any CPU
		{638F2333-C9A5-9DE3-1F75-4B9304AEF89C}.Release|Any CPU.Build.0 = Release|Any CPU
		{A2E1DD0C-7D00-D719-CA6C-0C393879EB63}.Debug|Any CPU.ActiveCfg = Debug|Any CPU
		{A2E1DD0C-7D00-D719-CA6C-0C393879EB63}.Debug|Any CPU.Build.0 = Debug|Any CPU
		{A2E1DD0C-7D00-D719-CA6C-0C393879EB63}.Release|Any CPU.ActiveCfg = Release|Any CPU
		{A2E1DD0C-7D00-D719-CA6C-0C393879EB63}.Release|Any CPU.Build.0 = Release|Any CPU
		{515A8299-D502-B59D-11CC-5809B2D9B3E9}.Debug|Any CPU.ActiveCfg = Debug|Any CPU
		{515A8299-D502-B59D-11CC-5809B2D9B3E9}.Debug|Any CPU.Build.0 = Debug|Any CPU
		{515A8299-D502-B59D-11CC-5809B2D9B3E9}.Release|Any CPU.ActiveCfg = Release|Any CPU
		{515A8299-D502-B59D-11CC-5809B2D9B3E9}.Release|Any CPU.Build.0 = Release|Any CPU
		{5DD603FD-28F0-F32B-55F3-80C4FF32973E}.Debug|Any CPU.ActiveCfg = Debug|Any CPU
		{5DD603FD-28F0-F32B-55F3-80C4FF32973E}.Debug|Any CPU.Build.0 = Debug|Any CPU
		{5DD603FD-28F0-F32B-55F3-80C4FF32973E}.Release|Any CPU.ActiveCfg = Release|Any CPU
		{5DD603FD-28F0-F32B-55F3-80C4FF32973E}.Release|Any CPU.Build.0 = Release|Any CPU
		{D7C0E087-6315-2744-76A2-949D7A9445CC}.Debug|Any CPU.ActiveCfg = Debug|Any CPU
		{D7C0E087-6315-2744-76A2-949D7A9445CC}.Debug|Any CPU.Build.0 = Debug|Any CPU
		{D7C0E087-6315-2744-76A2-949D7A9445CC}.Release|Any CPU.ActiveCfg = Release|Any CPU
		{D7C0E087-6315-2744-76A2-949D7A9445CC}.Release|Any CPU.Build.0 = Release|Any CPU
		{7B81877B-9E38-BE5C-BC22-3E3ECB14018F}.Debug|Any CPU.ActiveCfg = Debug|Any CPU
		{7B81877B-9E38-BE5C-BC22-3E3ECB14018F}.Debug|Any CPU.Build.0 = Debug|Any CPU
		{7B81877B-9E38-BE5C-BC22-3E3ECB14018F}.Release|Any CPU.ActiveCfg = Release|Any CPU
		{7B81877B-9E38-BE5C-BC22-3E3ECB14018F}.Release|Any CPU.Build.0 = Release|Any CPU
		{2A91C6AF-367B-4F1A-9E84-A305E04A16A7}.Debug|Any CPU.ActiveCfg = Debug|Any CPU
		{2A91C6AF-367B-4F1A-9E84-A305E04A16A7}.Debug|Any CPU.Build.0 = Debug|Any CPU
		{2A91C6AF-367B-4F1A-9E84-A305E04A16A7}.Release|Any CPU.ActiveCfg = Release|Any CPU
		{2A91C6AF-367B-4F1A-9E84-A305E04A16A7}.Release|Any CPU.Build.0 = Release|Any CPU
		{36C61762-88AB-457A-9F4E-03F6241DA071}.Debug|Any CPU.ActiveCfg = Debug|Any CPU
		{36C61762-88AB-457A-9F4E-03F6241DA071}.Debug|Any CPU.Build.0 = Debug|Any CPU
		{36C61762-88AB-457A-9F4E-03F6241DA071}.Release|Any CPU.ActiveCfg = Release|Any CPU
		{36C61762-88AB-457A-9F4E-03F6241DA071}.Release|Any CPU.Build.0 = Release|Any CPU
	EndGlobalSection
	GlobalSection(SolutionProperties) = preSolution
		HideSolutionNode = FALSE
	EndGlobalSection
	GlobalSection(NestedProjects) = preSolution
		{3CD49EF8-F43A-4254-A0D6-71FE04D9404A} = {02EA681E-C7D8-13C7-8484-4AC65E1B71E8}
		{86DD8C8E-3A11-44E3-B251-1AC3C7A958CB} = {C2F7B46D-8B16-462B-95AE-94429A557B00}
		{11263E33-E7A3-4DDC-B9F0-FEB8C618290A} = {C2F7B46D-8B16-462B-95AE-94429A557B00}
		{90E3D323-E2C1-4267-AACD-AF098273866B} = {02EA681E-C7D8-13C7-8484-4AC65E1B71E8}
		{7166F3B4-5F78-EB57-E0FE-EE8417ACC8EE} = {B37AF3FC-B9D6-4DE8-B162-C1C866CAA53A}
		{8AC5E155-B3E0-4100-9F29-3DDCA665703B} = {B37AF3FC-B9D6-4DE8-B162-C1C866CAA53A}
		{C7D0BFE5-0FCE-EBB9-5A5D-AF7E73204AD8} = {9C28790E-B097-4CE6-9810-4041E3D9C35F}
		{A2E1DD0C-7D00-D719-CA6C-0C393879EB63} = {9629E327-2A03-412F-A35A-634BD997851E}
		{515A8299-D502-B59D-11CC-5809B2D9B3E9} = {9629E327-2A03-412F-A35A-634BD997851E}
		{5DD603FD-28F0-F32B-55F3-80C4FF32973E} = {9629E327-2A03-412F-A35A-634BD997851E}
		{D7C0E087-6315-2744-76A2-949D7A9445CC} = {9629E327-2A03-412F-A35A-634BD997851E}
		{7B81877B-9E38-BE5C-BC22-3E3ECB14018F} = {9629E327-2A03-412F-A35A-634BD997851E}
		{2A91C6AF-367B-4F1A-9E84-A305E04A16A7} = {9C28790E-B097-4CE6-9810-4041E3D9C35F}
		{36C61762-88AB-457A-9F4E-03F6241DA071} = {9C28790E-B097-4CE6-9810-4041E3D9C35F}
	EndGlobalSection
	GlobalSection(ExtensibilityGlobals) = postSolution
		SolutionGuid = {30DE79BA-1F7C-4107-94B2-97AD824E1693}
	EndGlobalSection
EndGlobal
