
Microsoft Visual Studio Solution File, Format Version 12.00
# Visual Studio Version 17
VisualStudioVersion = 17.14.36518.9
MinimumVisualStudioVersion = 10.0.40219.1
Project("{2150E333-8FDC-42A3-9474-1A3956D46DE8}") = "SolutionItems", "SolutionItems", "{02EA681E-C7D8-13C7-8484-4AC65E1B71E8}"
	ProjectSection(SolutionItems) = preProject
		.editorconfig = .editorconfig
		Directory.Build.props = Directory.Build.props
		Directory.Packages.props = Directory.Packages.props
	EndProjectSection
EndProject
Project("{FAE04EC0-301F-11D3-BF4B-00C04F79EFBC}") = "FeedApp.Blazor.Common", "FeedApp.Blazor.Common\FeedApp.Blazor.Common.csproj", "{ACB30D84-97F8-9F75-BC41-48048148716D}"
EndProject
Project("{FAE04EC0-301F-11D3-BF4B-00C04F79EFBC}") = "FeedApp.BlazorWasm", "FeedApp.BlazorWasm\FeedApp.BlazorWasm.csproj", "{24E50FCD-D5C1-76B0-9848-2C9E9AAE904E}"
EndProject
Global
	GlobalSection(SolutionConfigurationPlatforms) = preSolution
		Debug|Any CPU = Debug|Any CPU
		Release|Any CPU = Release|Any CPU
	EndGlobalSection
	GlobalSection(ProjectConfigurationPlatforms) = postSolution
		{ACB30D84-97F8-9F75-BC41-48048148716D}.Debug|Any CPU.ActiveCfg = Debug|Any CPU
		{ACB30D84-97F8-9F75-BC41-48048148716D}.Debug|Any CPU.Build.0 = Debug|Any CPU
		{ACB30D84-97F8-9F75-BC41-48048148716D}.Release|Any CPU.ActiveCfg = Release|Any CPU
		{ACB30D84-97F8-9F75-BC41-48048148716D}.Release|Any CPU.Build.0 = Release|Any CPU
		{24E50FCD-D5C1-76B0-9848-2C9E9AAE904E}.Debug|Any CPU.ActiveCfg = Debug|Any CPU
		{24E50FCD-D5C1-76B0-9848-2C9E9AAE904E}.Debug|Any CPU.Build.0 = Debug|Any CPU
		{24E50FCD-D5C1-76B0-9848-2C9E9AAE904E}.Release|Any CPU.ActiveCfg = Release|Any CPU
		{24E50FCD-D5C1-76B0-9848-2C9E9AAE904E}.Release|Any CPU.Build.0 = Release|Any CPU
	EndGlobalSection
	GlobalSection(SolutionProperties) = preSolution
		HideSolutionNode = FALSE
	EndGlobalSection
	GlobalSection(ExtensibilityGlobals) = postSolution
		SolutionGuid = {45FEE56C-3322-4DB7-A4D4-D0C9597156D1}
	EndGlobalSection
EndGlobal
